{
  "originHash" : "8838260002df108918c531e28bd2f1c3bbaef7783298cf15b93c2d1f136ed517",
  "pins" : [
    {
      "identity" : "issoundadditions",
      "kind" : "remoteSourceControl",
      "location" : "https://github.com/InerziaSoft/ISSoundAdditions.git",
      "state" : {
        "branch" : "master",
        "revision" : "4b555f0354e6c280917bae8a598a258efe87ab98"
      }
    }
  ],
  "version" : 3
}
